// !$*UTF8*$!
{
	archiveVersion = 1;
	classes = {
	};
	objectVersion = 46;
	objects = {

/* Begin PBXBuildFile section */
		B6DC13F219B87DEC00B3D3FF /* Foundation.framework in Frameworks */ = {isa = PBXBuildFile; fileRef = B6DC13F119B87DEC00B3D3FF /* Foundation.framework */; };
		B6DC13F419B87DED00B3D3FF /* CoreGraphics.framework in Frameworks */ = {isa = PBXBuildFile; fileRef = B6DC13F319B87DEC00B3D3FF /* CoreGraphics.framework */; };
		B6DC13F619B87DED00B3D3FF /* UIKit.framework in Frameworks */ = {isa = PBXBuildFile; fileRef = B6DC13F519B87DED00B3D3FF /* UIKit.framework */; };
		B6DC13FC19B87DED00B3D3FF /* InfoPlist.strings in Resources */ = {isa = PBXBuildFile; fileRef = B6DC13FA19B87DED00B3D3FF /* InfoPlist.strings */; };
		B6DC13FE19B87DED00B3D3FF /* main.m in Sources */ = {isa = PBXBuildFile; fileRef = B6DC13FD19B87DED00B3D3FF /* main.m */; };
		B6DC140219B87DED00B3D3FF /* AppDelegate.m in Sources */ = {isa = PBXBuildFile; fileRef = B6DC140119B87DED00B3D3FF /* AppDelegate.m */; };
		B6DC140519B87DED00B3D3FF /* Main.storyboard in Resources */ = {isa = PBXBuildFile; fileRef = B6DC140319B87DED00B3D3FF /* Main.storyboard */; };
		B6DC140819B87DED00B3D3FF /* ViewController.m in Sources */ = {isa = PBXBuildFile; fileRef = B6DC140719B87DED00B3D3FF /* ViewController.m */; };
		B6DC140A19B87DED00B3D3FF /* Images.xcassets in Resources */ = {isa = PBXBuildFile; fileRef = B6DC140919B87DED00B3D3FF /* Images.xcassets */; };
		B6DC141119B87DED00B3D3FF /* XCTest.framework in Frameworks */ = {isa = PBXBuildFile; fileRef = B6DC141019B87DED00B3D3FF /* XCTest.framework */; };
		B6DC141219B87DED00B3D3FF /* Foundation.framework in Frameworks */ = {isa = PBXBuildFile; fileRef = B6DC13F119B87DEC00B3D3FF /* Foundation.framework */; };
		B6DC141319B87DED00B3D3FF /* UIKit.framework in Frameworks */ = {isa = PBXBuildFile; fileRef = B6DC13F519B87DED00B3D3FF /* UIKit.framework */; };
		B6DC141B19B87DED00B3D3FF /* InfoPlist.strings in Resources */ = {isa = PBXBuildFile; fileRef = B6DC141919B87DED00B3D3FF /* InfoPlist.strings */; };
		B6DC141D19B87DED00B3D3FF /* velu12Tests.m in Sources */ = {isa = PBXBuildFile; fileRef = B6DC141C19B87DED00B3D3FF /* velu12Tests.m */; };
/* End PBXBuildFile section */

/* Begin PBXContainerItemProxy section */
		B6DC141419B87DED00B3D3FF /* PBXContainerItemProxy */ = {
			isa = PBXContainerItemProxy;
			containerPortal = B6DC13E619B87DEC00B3D3FF /* Project object */;
			proxyType = 1;
			remoteGlobalIDString = B6DC13ED19B87DEC00B3D3FF;
			remoteInfo = velu12;
		};
/* End PBXContainerItemProxy section */

/* Begin PBXFileReference section */
		B6DC13EE19B87DEC00B3D3FF /* velu12.app */ = {isa = PBXFileReference; explicitFileType = wrapper.application; includeInIndex = 0; path = velu12.app; sourceTree = BUILT_PRODUCTS_DIR; };
		B6DC13F119B87DEC00B3D3FF /* Foundation.framework */ = {isa = PBXFileReference; lastKnownFileType = wrapper.framework; name = Foundation.framework; path = System/Library/Frameworks/Foundation.framework; sourceTree = SDKROOT; };
		B6DC13F319B87DEC00B3D3FF /* CoreGraphics.framework */ = {isa = PBXFileReference; lastKnownFileType = wrapper.framework; name = CoreGraphics.framework; path = System/Library/Frameworks/CoreGraphics.framework; sourceTree = SDKROOT; };
		B6DC13F519B87DED00B3D3FF /* UIKit.framework */ = {isa = PBXFileReference; lastKnownFileType = wrapper.framework; name = UIKit.framework; path = System/Library/Frameworks/UIKit.framework; sourceTree = SDKROOT; };
		B6DC13F919B87DED00B3D3FF /* velu12-Info.plist */ = {isa = PBXFileReference; lastKnownFileType = text.plist.xml; path = "velu12-Info.plist"; sourceTree = "<group>"; };
		B6DC13FB19B87DED00B3D3FF /* en */ = {isa = PBXFileReference; lastKnownFileType = text.plist.strings; name = en; path = en.lproj/InfoPlist.strings; sourceTree = "<group>"; };
		B6DC13FD19B87DED00B3D3FF /* main.m */ = {isa = PBXFileReference; lastKnownFileType = sourcecode.c.objc; path = main.m; sourceTree = "<group>"; };
		B6DC13FF19B87DED00B3D3FF /* velu12-Prefix.pch */ = {isa = PBXFileReference; lastKnownFileType = sourcecode.c.h; path = "velu12-Prefix.pch"; sourceTree = "<group>"; };
		B6DC140019B87DED00B3D3FF /* AppDelegate.h */ = {isa = PBXFileReference; lastKnownFileType = sourcecode.c.h; path = AppDelegate.h; sourceTree = "<group>"; };
		B6DC140119B87DED00B3D3FF /* AppDelegate.m */ = {isa = PBXFileReference; lastKnownFileType = sourcecode.c.objc; path = AppDelegate.m; sourceTree = "<group>"; };
		B6DC140419B87DED00B3D3FF /* Base */ = {isa = PBXFileReference; lastKnownFileType = file.storyboard; name = Base; path = Base.lproj/Main.storyboard; sourceTree = "<group>"; };
		B6DC140619B87DED00B3D3FF /* ViewController.h */ = {isa = PBXFileReference; lastKnownFileType = sourcecode.c.h; path = ViewController.h; sourceTree = "<group>"; };
		B6DC140719B87DED00B3D3FF /* ViewController.m */ = {isa = PBXFileReference; lastKnownFileType = sourcecode.c.objc; path = ViewController.m; sourceTree = "<group>"; };
		B6DC140919B87DED00B3D3FF /* Images.xcassets */ = {isa = PBXFileReference; lastKnownFileType = folder.assetcatalog; path = Images.xcassets; sourceTree = "<group>"; };
		B6DC140F19B87DED00B3D3FF /* velu12Tests.xctest */ = {isa = PBXFileReference; explicitFileType = wrapper.cfbundle; includeInIndex = 0; path = velu12Tests.xctest; sourceTree = BUILT_PRODUCTS_DIR; };
		B6DC141019B87DED00B3D3FF /* XCTest.framework */ = {isa = PBXFileReference; lastKnownFileType = wrapper.framework; name = XCTest.framework; path = Library/Frameworks/XCTest.framework; sourceTree = DEVELOPER_DIR; };
		B6DC141819B87DED00B3D3FF /* velu12Tests-Info.plist */ = {isa = PBXFileReference; lastKnownFileType = text.plist.xml; path = "velu12Tests-Info.plist"; sourceTree = "<group>"; };
		B6DC141A19B87DED00B3D3FF /* en */ = {isa = PBXFileReference; lastKnownFileType = text.plist.strings; name = en; path = en.lproj/InfoPlist.strings; sourceTree = "<group>"; };
		B6DC141C19B87DED00B3D3FF /* velu12Tests.m */ = {isa = PBXFileReference; lastKnownFileType = sourcecode.c.objc; path = velu12Tests.m; sourceTree = "<group>"; };
/* End PBXFileReference section */

/* Begin PBXFrameworksBuildPhase section */
		B6DC13EB19B87DEC00B3D3FF /* Frameworks */ = {
			isa = PBXFrameworksBuildPhase;
			buildActionMask = 2147483647;
			files = (
				B6DC13F419B87DED00B3D3FF /* CoreGraphics.framework in Frameworks */,
				B6DC13F619B87DED00B3D3FF /* UIKit.framework in Frameworks */,
				B6DC13F219B87DEC00B3D3FF /* Foundation.framework in Frameworks */,
			);
			runOnlyForDeploymentPostprocessing = 0;
		};
		B6DC140C19B87DED00B3D3FF /* Frameworks */ = {
			isa = PBXFrameworksBuildPhase;
			buildActionMask = 2147483647;
			files = (
				B6DC141119B87DED00B3D3FF /* XCTest.framework in Frameworks */,
				B6DC141319B87DED00B3D3FF /* UIKit.framework in Frameworks */,
				B6DC141219B87DED00B3D3FF /* Foundation.framework in Frameworks */,
			);
			runOnlyForDeploymentPostprocessing = 0;
		};
/* End PBXFrameworksBuildPhase section */

/* Begin PBXGroup section */
		B6DC13E519B87DEC00B3D3FF = {
			isa = PBXGroup;
			children = (
				B6DC13F719B87DED00B3D3FF /* velu12 */,
				B6DC141619B87DED00B3D3FF /* velu12Tests */,
				B6DC13F019B87DEC00B3D3FF /* Frameworks */,
				B6DC13EF19B87DEC00B3D3FF /* Products */,
			);
			sourceTree = "<group>";
		};
		B6DC13EF19B87DEC00B3D3FF /* Products */ = {
			isa = PBXGroup;
			children = (
				B6DC13EE19B87DEC00B3D3FF /* velu12.app */,
				B6DC140F19B87DED00B3D3FF /* velu12Tests.xctest */,
			);
			name = Products;
			sourceTree = "<group>";
		};
		B6DC13F019B87DEC00B3D3FF /* Frameworks */ = {
			isa = PBXGroup;
			children = (
				B6DC13F119B87DEC00B3D3FF /* Foundation.framework */,
				B6DC13F319B87DEC00B3D3FF /* CoreGraphics.framework */,
				B6DC13F519B87DED00B3D3FF /* UIKit.framework */,
				B6DC141019B87DED00B3D3FF /* XCTest.framework */,
			);
			name = Frameworks;
			sourceTree = "<group>";
		};
		B6DC13F719B87DED00B3D3FF /* velu12 */ = {
			isa = PBXGroup;
			children = (
				B6DC140019B87DED00B3D3FF /* AppDelegate.h */,
				B6DC140119B87DED00B3D3FF /* AppDelegate.m */,
				B6DC140319B87DED00B3D3FF /* Main.storyboard */,
				B6DC140619B87DED00B3D3FF /* ViewController.h */,
				B6DC140719B87DED00B3D3FF /* ViewController.m */,
				B6DC140919B87DED00B3D3FF /* Images.xcassets */,
				B6DC13F819B87DED00B3D3FF /* Supporting Files */,
			);
			path = velu12;
			sourceTree = "<group>";
		};
		B6DC13F819B87DED00B3D3FF /* Supporting Files */ = {
			isa = PBXGroup;
			children = (
				B6DC13F919B87DED00B3D3FF /* velu12-Info.plist */,
				B6DC13FA19B87DED00B3D3FF /* InfoPlist.strings */,
				B6DC13FD19B87DED00B3D3FF /* main.m */,
				B6DC13FF19B87DED00B3D3FF /* velu12-Prefix.pch */,
			);
			name = "Supporting Files";
			sourceTree = "<group>";
		};
		B6DC141619B87DED00B3D3FF /* velu12Tests */ = {
			isa = PBXGroup;
			children = (
				B6DC141C19B87DED00B3D3FF /* velu12Tests.m */,
				B6DC141719B87DED00B3D3FF /* Supporting Files */,
			);
			path = velu12Tests;
			sourceTree = "<group>";
		};
		B6DC141719B87DED00B3D3FF /* Supporting Files */ = {
			isa = PBXGroup;
			children = (
				B6DC141819B87DED00B3D3FF /* velu12Tests-Info.plist */,
				B6DC141919B87DED00B3D3FF /* InfoPlist.strings */,
			);
			name = "Supporting Files";
			sourceTree = "<group>";
		};
/* End PBXGroup section */

/* Begin PBXNativeTarget section */
		B6DC13ED19B87DEC00B3D3FF /* velu12 */ = {
			isa = PBXNativeTarget;
			buildConfigurationList = B6DC142019B87DED00B3D3FF /* Build configuration list for PBXNativeTarget "velu12" */;
			buildPhases = (
				B6DC13EA19B87DEC00B3D3FF /* Sources */,
				B6DC13EB19B87DEC00B3D3FF /* Frameworks */,
				B6DC13EC19B87DEC00B3D3FF /* Resources */,
			);
			buildRules = (
			);
			dependencies = (
			);
			name = velu12;
			productName = velu12;
			productReference = B6DC13EE19B87DEC00B3D3FF /* velu12.app */;
			productType = "com.apple.product-type.application";
		};
		B6DC140E19B87DED00B3D3FF /* velu12Tests */ = {
			isa = PBXNativeTarget;
			buildConfigurationList = B6DC142319B87DED00B3D3FF /* Build configuration list for PBXNativeTarget "velu12Tests" */;
			buildPhases = (
				B6DC140B19B87DED00B3D3FF /* Sources */,
				B6DC140C19B87DED00B3D3FF /* Frameworks */,
				B6DC140D19B87DED00B3D3FF /* Resources */,
			);
			buildRules = (
			);
			dependencies = (
				B6DC141519B87DED00B3D3FF /* PBXTargetDependency */,
			);
			name = velu12Tests;
			productName = velu12Tests;
			productReference = B6DC140F19B87DED00B3D3FF /* velu12Tests.xctest */;
			productType = "com.apple.product-type.bundle.unit-test";
		};
/* End PBXNativeTarget section */

/* Begin PBXProject section */
		B6DC13E619B87DEC00B3D3FF /* Project object */ = {
			isa = PBXProject;
			attributes = {
				LastUpgradeCheck = 0500;
				ORGANIZATIONNAME = Ramesh;
				TargetAttributes = {
					B6DC140E19B87DED00B3D3FF = {
						TestTargetID = B6DC13ED19B87DEC00B3D3FF;
					};
				};
			};
			buildConfigurationList = B6DC13E919B87DEC00B3D3FF /* Build configuration list for PBXProject "velu12" */;
			compatibilityVersion = "Xcode 3.2";
			developmentRegion = English;
			hasScannedForEncodings = 0;
			knownRegions = (
				en,
				Base,
			);
			mainGroup = B6DC13E519B87DEC00B3D3FF;
			productRefGroup = B6DC13EF19B87DEC00B3D3FF /* Products */;
			projectDirPath = "";
			projectRoot = "";
			targets = (
				B6DC13ED19B87DEC00B3D3FF /* velu12 */,
				B6DC140E19B87DED00B3D3FF /* velu12Tests */,
			);
		};
/* End PBXProject section */

/* Begin PBXResourcesBuildPhase section */
		B6DC13EC19B87DEC00B3D3FF /* Resources */ = {
			isa = PBXResourcesBuildPhase;
			buildActionMask = 2147483647;
			files = (
				B6DC140A19B87DED00B3D3FF /* Images.xcassets in Resources */,
				B6DC13FC19B87DED00B3D3FF /* InfoPlist.strings in Resources */,
				B6DC140519B87DED00B3D3FF /* Main.storyboard in Resources */,
			);
			runOnlyForDeploymentPostprocessing = 0;
		};
		B6DC140D19B87DED00B3D3FF /* Resources */ = {
			isa = PBXResourcesBuildPhase;
			buildActionMask = 2147483647;
			files = (
				B6DC141B19B87DED00B3D3FF /* InfoPlist.strings in Resources */,
			);
			runOnlyForDeploymentPostprocessing = 0;
		};
/* End PBXResourcesBuildPhase section */

/* Begin PBXSourcesBuildPhase section */
		B6DC13EA19B87DEC00B3D3FF /* Sources */ = {
			isa = PBXSourcesBuildPhase;
			buildActionMask = 2147483647;
			files = (
				B6DC140819B87DED00B3D3FF /* ViewController.m in Sources */,
				B6DC140219B87DED00B3D3FF /* AppDelegate.m in Sources */,
				B6DC13FE19B87DED00B3D3FF /* main.m in Sources */,
			);
			runOnlyForDeploymentPostprocessing = 0;
		};
		B6DC140B19B87DED00B3D3FF /* Sources */ = {
			isa = PBXSourcesBuildPhase;
			buildActionMask = 2147483647;
			files = (
				B6DC141D19B87DED00B3D3FF /* velu12Tests.m in Sources */,
			);
			runOnlyForDeploymentPostprocessing = 0;
		};
/* End PBXSourcesBuildPhase section */

/* Begin PBXTargetDependency section */
		B6DC141519B87DED00B3D3FF /* PBXTargetDependency */ = {
			isa = PBXTargetDependency;
			target = B6DC13ED19B87DEC00B3D3FF /* velu12 */;
			targetProxy = B6DC141419B87DED00B3D3FF /* PBXContainerItemProxy */;
		};
/* End PBXTargetDependency section */

/* Begin PBXVariantGroup section */
		B6DC13FA19B87DED00B3D3FF /* InfoPlist.strings */ = {
			isa = PBXVariantGroup;
			children = (
				B6DC13FB19B87DED00B3D3FF /* en */,
			);
			name = InfoPlist.strings;
			sourceTree = "<group>";
		};
		B6DC140319B87DED00B3D3FF /* Main.storyboard */ = {
			isa = PBXVariantGroup;
			children = (
				B6DC140419B87DED00B3D3FF /* Base */,
			);
			name = Main.storyboard;
			sourceTree = "<group>";
		};
		B6DC141919B87DED00B3D3FF /* InfoPlist.strings */ = {
			isa = PBXVariantGroup;
			children = (
				B6DC141A19B87DED00B3D3FF /* en */,
			);
			name = InfoPlist.strings;
			sourceTree = "<group>";
		};
/* End PBXVariantGroup section */

/* Begin XCBuildConfiguration section */
		B6DC141E19B87DED00B3D3FF /* Debug */ = {
			isa = XCBuildConfiguration;
			buildSettings = {
				ALWAYS_SEARCH_USER_PATHS = NO;
				ARCHS = "$(ARCHS_STANDARD_INCLUDING_64_BIT)";
				CLANG_CXX_LANGUAGE_STANDARD = "gnu++0x";
				CLANG_CXX_LIBRARY = "libc++";
				CLANG_ENABLE_MODULES = YES;
				CLANG_ENABLE_OBJC_ARC = YES;
				CLANG_WARN_BOOL_CONVERSION = YES;
				CLANG_WARN_CONSTANT_CONVERSION = YES;
				CLANG_WARN_DIRECT_OBJC_ISA_USAGE = YES_ERROR;
				CLANG_WARN_EMPTY_BODY = YES;
				CLANG_WARN_ENUM_CONVERSION = YES;
				CLANG_WARN_INT_CONVERSION = YES;
				CLANG_WARN_OBJC_ROOT_CLASS = YES_ERROR;
				CLANG_WARN__DUPLICATE_METHOD_MATCH = YES;
				"CODE_SIGN_IDENTITY[sdk=iphoneos*]" = "iPhone Developer";
				COPY_PHASE_STRIP = NO;
				GCC_C_LANGUAGE_STANDARD = gnu99;
				GCC_DYNAMIC_NO_PIC = NO;
				GCC_OPTIMIZATION_LEVEL = 0;
				GCC_PREPROCESSOR_DEFINITIONS = (
					"DEBUG=1",
					"$(inherited)",
				);
				GCC_SYMBOLS_PRIVATE_EXTERN = NO;
				GCC_WARN_64_TO_32_BIT_CONVERSION = YES;
				GCC_WARN_ABOUT_RETURN_TYPE = YES_ERROR;
				GCC_WARN_UNDECLARED_SELECTOR = YES;
				GCC_WARN_UNINITIALIZED_AUTOS = YES;
				GCC_WARN_UNUSED_FUNCTION = YES;
				GCC_WARN_UNUSED_VARIABLE = YES;
				IPHONEOS_DEPLOYMENT_TARGET = 7.0;
				ONLY_ACTIVE_ARCH = YES;
				SDKROOT = iphoneos;
			};
			name = Debug;
		};
		B6DC141F19B87DED00B3D3FF /* Release */ = {
			isa = XCBuildConfiguration;
			buildSettings = {
				ALWAYS_SEARCH_USER_PATHS = NO;
				ARCHS = "$(ARCHS_STANDARD_INCLUDING_64_BIT)";
				CLANG_CXX_LANGUAGE_STANDARD = "gnu++0x";
				CLANG_CXX_LIBRARY = "libc++";
				CLANG_ENABLE_MODULES = YES;
				CLANG_ENABLE_OBJC_ARC = YES;
				CLANG_WARN_BOOL_CONVERSION = YES;
				CLANG_WARN_CONSTANT_CONVERSION = YES;
				CLANG_WARN_DIRECT_OBJC_ISA_USAGE = YES_ERROR;
				CLANG_WARN_EMPTY_BODY = YES;
				CLANG_WARN_ENUM_CONVERSION = YES;
				CLANG_WARN_INT_CONVERSION = YES;
				CLANG_WARN_OBJC_ROOT_CLASS = YES_ERROR;
				CLANG_WARN__DUPLICATE_METHOD_MATCH = YES;
				"CODE_SIGN_IDENTITY[sdk=iphoneos*]" = "iPhone Developer";
				COPY_PHASE_STRIP = YES;
				ENABLE_NS_ASSERTIONS = NO;
				GCC_C_LANGUAGE_STANDARD = gnu99;
				GCC_WARN_64_TO_32_BIT_CONVERSION = YES;
				GCC_WARN_ABOUT_RETURN_TYPE = YES_ERROR;
				GCC_WARN_UNDECLARED_SELECTOR = YES;
				GCC_WARN_UNINITIALIZED_AUTOS = YES;
				GCC_WARN_UNUSED_FUNCTION = YES;
				GCC_WARN_UNUSED_VARIABLE = YES;
				IPHONEOS_DEPLOYMENT_TARGET = 7.0;
				SDKROOT = iphoneos;
				VALIDATE_PRODUCT = YES;
			};
			name = Release;
		};
		B6DC142119B87DED00B3D3FF /* Debug */ = {
			isa = XCBuildConfiguration;
			buildSettings = {
				ASSETCATALOG_COMPILER_APPICON_NAME = AppIcon;
				ASSETCATALOG_COMPILER_LAUNCHIMAGE_NAME = LaunchImage;
				GCC_PRECOMPILE_PREFIX_HEADER = YES;
				GCC_PREFIX_HEADER = "velu12/velu12-Prefix.pch";
				INFOPLIST_FILE = "velu12/velu12-Info.plist";
				PRODUCT_NAME = "$(TARGET_NAME)";
				WRAPPER_EXTENSION = app;
			};
			name = Debug;
		};
		B6DC142219B87DED00B3D3FF /* Release */ = {
			isa = XCBuildConfiguration;
			buildSettings = {
				ASSETCATALOG_COMPILER_APPICON_NAME = AppIcon;
				ASSETCATALOG_COMPILER_LAUNCHIMAGE_NAME = LaunchImage;
				GCC_PRECOMPILE_PREFIX_HEADER = YES;
				GCC_PREFIX_HEADER = "velu12/velu12-Prefix.pch";
				INFOPLIST_FILE = "velu12/velu12-Info.plist";
				PRODUCT_NAME = "$(TARGET_NAME)";
				WRAPPER_EXTENSION = app;
			};
			name = Release;
		};
		B6DC142419B87DED00B3D3FF /* Debug */ = {
			isa = XCBuildConfiguration;
			buildSettings = {
				ARCHS = "$(ARCHS_STANDARD_INCLUDING_64_BIT)";
				BUNDLE_LOADER = "$(BUILT_PRODUCTS_DIR)/velu12.app/velu12";
				FRAMEWORK_SEARCH_PATHS = (
					"$(SDKROOT)/Developer/Library/Frameworks",
					"$(inherited)",
					"$(DEVELOPER_FRAMEWORKS_DIR)",
				);
				GCC_PRECOMPILE_PREFIX_HEADER = YES;
				GCC_PREFIX_HEADER = "velu12/velu12-Prefix.pch";
				GCC_PREPROCESSOR_DEFINITIONS = (
					"DEBUG=1",
					"$(inherited)",
				);
				INFOPLIST_FILE = "velu12Tests/velu12Tests-Info.plist";
				PRODUCT_NAME = "$(TARGET_NAME)";
				TEST_HOST = "$(BUNDLE_LOADER)";
				WRAPPER_EXTENSION = xctest;
			};
			name = Debug;
		};
		B6DC142519B87DED00B3D3FF /* Release */ = {
			isa = XCBuildConfiguration;
			buildSettings = {
				ARCHS = "$(ARCHS_STANDARD_INCLUDING_64_BIT)";
				BUNDLE_LOADER = "$(BUILT_PRODUCTS_DIR)/velu12.app/velu12";
				FRAMEWORK_SEARCH_PATHS = (
					"$(SDKROOT)/Developer/Library/Frameworks",
					"$(inherited)",
					"$(DEVELOPER_FRAMEWORKS_DIR)",
				);
				GCC_PRECOMPILE_PREFIX_HEADER = YES;
				GCC_PREFIX_HEADER = "velu12/velu12-Prefix.pch";
				INFOPLIST_FILE = "velu12Tests/velu12Tests-Info.plist";
				PRODUCT_NAME = "$(TARGET_NAME)";
				TEST_HOST = "$(BUNDLE_LOADER)";
				WRAPPER_EXTENSION = xctest;
			};
			name = Release;
		};
/* End XCBuildConfiguration section */

/* Begin XCConfigurationList section */
		B6DC13E919B87DEC00B3D3FF /* Build configuration list for PBXProject "velu12" */ = {
			isa = XCConfigurationList;
			buildConfigurations = (
				B6DC141E19B87DED00B3D3FF /* Debug */,
				B6DC141F19B87DED00B3D3FF /* Release */,
			);
			defaultConfigurationIsVisible = 0;
			defaultConfigurationName = Release;
		};
		B6DC142019B87DED00B3D3FF /* Build configuration list for PBXNativeTarget "velu12" */ = {
			isa = XCConfigurationList;
			buildConfigurations = (
				B6DC142119B87DED00B3D3FF /* Debug */,
				B6DC142219B87DED00B3D3FF /* Release */,
			);
			defaultConfigurationIsVisible = 0;
		};
		B6DC142319B87DED00B3D3FF /* Build configuration list for PBXNativeTarget "velu12Tests" */ = {
			isa = XCConfigurationList;
			buildConfigurations = (
				B6DC142419B87DED00B3D3FF /* Debug */,
				B6DC142519B87DED00B3D3FF /* Release */,
			);
			defaultConfigurationIsVisible = 0;
		};
/* End XCConfigurationList section */
	};
	rootObject = B6DC13E619B87DEC00B3D3FF /* Project object */;
}
